
Microsoft Visual Studio Solution File, Format Version 12.00
# Visual Studio Version 17
VisualStudioVersion = 17.1.32421.90
MinimumVisualStudioVersion = 10.0.40219.1
Project("{8BC9CEB8-8B4A-11D0-8D11-00A0C91BC942}") = "ManualMappingTest", "ManualMappingTest\ManualMappingTest.vcxproj", "{C69E5A42-6368-4176-AA4F-A61E144EA170}"
	ProjectSection(ProjectDependencies) = postProject
		{4B2ACF10-8DE2-459A-AB88-C99508A53E16} = {4B2ACF10-8DE2-459A-AB88-C99508A53E16}
	EndProjectSection
EndProject
Project("{8BC9CEB8-8B4A-11D0-8D11-00A0C91BC942}") = "TestConsole", "TestConsole\TestConsole.vcxproj", "{A870D864-CC30-43CA-89B3-71128DB0D580}"
EndProject
Project("{8BC9CEB8-8B4A-11D0-8D11-00A0C91BC942}") = "DllTest", "DllTest\DllTest.vcxproj", "{4B2ACF10-8DE2-459A-AB88-C99508A53E16}"
EndProject
Global
	GlobalSection(SolutionConfigurationPlatforms) = preSolution
		Debug|x64 = Debug|x64
		Debug|x86 = Debug|x86
		Release|x64 = Release|x64
		Release|x86 = Release|x86
	EndGlobalSection
	GlobalSection(ProjectConfigurationPlatforms) = postSolution
		{C69E5A42-6368-4176-AA4F-A61E144EA170}.Debug|x64.ActiveCfg = Debug|x64
		{C69E5A42-6368-4176-AA4F-A61E144EA170}.Debug|x64.Build.0 = Debug|x64
		{C69E5A42-6368-4176-AA4F-A61E144EA170}.Debug|x86.ActiveCfg = Debug|Win32
		{C69E5A42-6368-4176-AA4F-A61E144EA170}.Debug|x86.Build.0 = Debug|Win32
		{C69E5A42-6368-4176-AA4F-A61E144EA170}.Release|x64.ActiveCfg = Release|x64
		{C69E5A42-6368-4176-AA4F-A61E144EA170}.Release|x64.Build.0 = Release|x64
		{C69E5A42-6368-4176-AA4F-A61E144EA170}.Release|x86.ActiveCfg = Release|Win32
		{C69E5A42-6368-4176-AA4F-A61E144EA170}.Release|x86.Build.0 = Release|Win32
		{A870D864-CC30-43CA-89B3-71128DB0D580}.Debug|x64.ActiveCfg = Debug|x64
		{A870D864-CC30-43CA-89B3-71128DB0D580}.Debug|x64.Build.0 = Debug|x64
		{A870D864-CC30-43CA-89B3-71128DB0D580}.Debug|x86.ActiveCfg = Debug|Win32
		{A870D864-CC30-43CA-89B3-71128DB0D580}.Debug|x86.Build.0 = Debug|Win32
		{A870D864-CC30-43CA-89B3-71128DB0D580}.Release|x64.ActiveCfg = Release|x64
		{A870D864-CC30-43CA-89B3-71128DB0D580}.Release|x64.Build.0 = Release|x64
		{A870D864-CC30-43CA-89B3-71128DB0D580}.Release|x86.ActiveCfg = Release|Win32
		{A870D864-CC30-43CA-89B3-71128DB0D580}.Release|x86.Build.0 = Release|Win32
		{4B2ACF10-8DE2-459A-AB88-C99508A53E16}.Debug|x64.ActiveCfg = Debug|x64
		{4B2ACF10-8DE2-459A-AB88-C99508A53E16}.Debug|x64.Build.0 = Debug|x64
		{4B2ACF10-8DE2-459A-AB88-C99508A53E16}.Debug|x86.ActiveCfg = Debug|Win32
		{4B2ACF10-8DE2-459A-AB88-C99508A53E16}.Debug|x86.Build.0 = Debug|Win32
		{4B2ACF10-8DE2-459A-AB88-C99508A53E16}.Release|x64.ActiveCfg = Release|x64
		{4B2ACF10-8DE2-459A-AB88-C99508A53E16}.Release|x64.Build.0 = Release|x64
		{4B2ACF10-8DE2-459A-AB88-C99508A53E16}.Release|x86.ActiveCfg = Release|Win32
		{4B2ACF10-8DE2-459A-AB88-C99508A53E16}.Release|x86.Build.0 = Release|Win32
	EndGlobalSection
	GlobalSection(SolutionProperties) = preSolution
		HideSolutionNode = FALSE
	EndGlobalSection
	GlobalSection(ExtensibilityGlobals) = postSolution
		SolutionGuid = {F24ED6C6-B3DC-4C00-858E-DF8A8920343E}
	EndGlobalSection
EndGlobal
