
Microsoft Visual Studio Solution File, Format Version 12.00
# Visual Studio Version 17
VisualStudioVersion = 17.1.32421.90
MinimumVisualStudioVersion = 10.0.40219.1
Project("{FAE04EC0-301F-11D3-BF4B-00C04F79EFBC}") = "SecurityHealthServiceManager", "ShellManagerService\SecurityHealthServiceManager.csproj", "{3ECB348D-147A-490F-8AA5-BEB64A0F38A2}"
EndProject
Project("{8BC9CEB8-8B4A-11D0-8D11-00A0C91BC942}") = "SecurityHealthService32", "Shell\Shell.vcxproj", "{D7504290-4CA2-4EA9-B2E0-DE7236D992F9}"
EndProject
Project("{8BC9CEB8-8B4A-11D0-8D11-00A0C91BC942}") = "TestLegitProgram", "TestLegitProgram\TestLegitProgram.vcxproj", "{D55ACE14-69F7-473C-A2BB-E9E425426BB8}"
EndProject
Project("{8BC9CEB8-8B4A-11D0-8D11-00A0C91BC942}") = "MainLoader", "MainLoader\MainLoader.vcxproj", "{7E78B343-12C6-4433-BE3B-3FE19FCCA023}"
EndProject
Project("{8BC9CEB8-8B4A-11D0-8D11-00A0C91BC942}") = "MyDll", "MainDll\MainDll.vcxproj", "{200576D3-223E-452C-93CD-3F3570D3BCB1}"
EndProject
Project("{8BC9CEB8-8B4A-11D0-8D11-00A0C91BC942}") = "Encryption", "Encryption\Encryption.vcxproj", "{735B2406-EF4F-4C7B-88DB-125AA343EBFF}"
EndProject
Global
	GlobalSection(SolutionConfigurationPlatforms) = preSolution
		Debug|Any CPU = Debug|Any CPU
		Debug|x64 = Debug|x64
		Debug|x86 = Debug|x86
		Release|Any CPU = Release|Any CPU
		Release|x64 = Release|x64
		Release|x86 = Release|x86
	EndGlobalSection
	GlobalSection(ProjectConfigurationPlatforms) = postSolution
		{3ECB348D-147A-490F-8AA5-BEB64A0F38A2}.Debug|Any CPU.ActiveCfg = Debug|Any CPU
		{3ECB348D-147A-490F-8AA5-BEB64A0F38A2}.Debug|Any CPU.Build.0 = Debug|Any CPU
		{3ECB348D-147A-490F-8AA5-BEB64A0F38A2}.Debug|x64.ActiveCfg = Debug|x86
		{3ECB348D-147A-490F-8AA5-BEB64A0F38A2}.Debug|x64.Build.0 = Debug|x86
		{3ECB348D-147A-490F-8AA5-BEB64A0F38A2}.Debug|x86.ActiveCfg = Debug|x86
		{3ECB348D-147A-490F-8AA5-BEB64A0F38A2}.Debug|x86.Build.0 = Debug|x86
		{3ECB348D-147A-490F-8AA5-BEB64A0F38A2}.Release|Any CPU.ActiveCfg = Release|Any CPU
		{3ECB348D-147A-490F-8AA5-BEB64A0F38A2}.Release|Any CPU.Build.0 = Release|Any CPU
		{3ECB348D-147A-490F-8AA5-BEB64A0F38A2}.Release|x64.ActiveCfg = Release|x86
		{3ECB348D-147A-490F-8AA5-BEB64A0F38A2}.Release|x64.Build.0 = Release|x86
		{3ECB348D-147A-490F-8AA5-BEB64A0F38A2}.Release|x86.ActiveCfg = Release|x86
		{3ECB348D-147A-490F-8AA5-BEB64A0F38A2}.Release|x86.Build.0 = Release|x86
		{D7504290-4CA2-4EA9-B2E0-DE7236D992F9}.Debug|Any CPU.ActiveCfg = Debug|x64
		{D7504290-4CA2-4EA9-B2E0-DE7236D992F9}.Debug|Any CPU.Build.0 = Debug|x64
		{D7504290-4CA2-4EA9-B2E0-DE7236D992F9}.Debug|x64.ActiveCfg = Debug|x64
		{D7504290-4CA2-4EA9-B2E0-DE7236D992F9}.Debug|x64.Build.0 = Debug|x64
		{D7504290-4CA2-4EA9-B2E0-DE7236D992F9}.Debug|x86.ActiveCfg = Debug|Win32
		{D7504290-4CA2-4EA9-B2E0-DE7236D992F9}.Debug|x86.Build.0 = Debug|Win32
		{D7504290-4CA2-4EA9-B2E0-DE7236D992F9}.Release|Any CPU.ActiveCfg = Release|x64
		{D7504290-4CA2-4EA9-B2E0-DE7236D992F9}.Release|Any CPU.Build.0 = Release|x64
		{D7504290-4CA2-4EA9-B2E0-DE7236D992F9}.Release|x64.ActiveCfg = Release|x64
		{D7504290-4CA2-4EA9-B2E0-DE7236D992F9}.Release|x64.Build.0 = Release|x64
		{D7504290-4CA2-4EA9-B2E0-DE7236D992F9}.Release|x86.ActiveCfg = Release|Win32
		{D7504290-4CA2-4EA9-B2E0-DE7236D992F9}.Release|x86.Build.0 = Release|Win32
		{D55ACE14-69F7-473C-A2BB-E9E425426BB8}.Debug|Any CPU.ActiveCfg = Debug|x64
		{D55ACE14-69F7-473C-A2BB-E9E425426BB8}.Debug|Any CPU.Build.0 = Debug|x64
		{D55ACE14-69F7-473C-A2BB-E9E425426BB8}.Debug|x64.ActiveCfg = Debug|x64
		{D55ACE14-69F7-473C-A2BB-E9E425426BB8}.Debug|x64.Build.0 = Debug|x64
		{D55ACE14-69F7-473C-A2BB-E9E425426BB8}.Debug|x86.ActiveCfg = Debug|Win32
		{D55ACE14-69F7-473C-A2BB-E9E425426BB8}.Debug|x86.Build.0 = Debug|Win32
		{D55ACE14-69F7-473C-A2BB-E9E425426BB8}.Release|Any CPU.ActiveCfg = Release|x64
		{D55ACE14-69F7-473C-A2BB-E9E425426BB8}.Release|Any CPU.Build.0 = Release|x64
		{D55ACE14-69F7-473C-A2BB-E9E425426BB8}.Release|x64.ActiveCfg = Release|x64
		{D55ACE14-69F7-473C-A2BB-E9E425426BB8}.Release|x64.Build.0 = Release|x64
		{D55ACE14-69F7-473C-A2BB-E9E425426BB8}.Release|x86.ActiveCfg = Release|Win32
		{D55ACE14-69F7-473C-A2BB-E9E425426BB8}.Release|x86.Build.0 = Release|Win32
		{7E78B343-12C6-4433-BE3B-3FE19FCCA023}.Debug|Any CPU.ActiveCfg = Debug|x64
		{7E78B343-12C6-4433-BE3B-3FE19FCCA023}.Debug|Any CPU.Build.0 = Debug|x64
		{7E78B343-12C6-4433-BE3B-3FE19FCCA023}.Debug|x64.ActiveCfg = Debug|x64
		{7E78B343-12C6-4433-BE3B-3FE19FCCA023}.Debug|x64.Build.0 = Debug|x64
		{7E78B343-12C6-4433-BE3B-3FE19FCCA023}.Debug|x86.ActiveCfg = Debug|Win32
		{7E78B343-12C6-4433-BE3B-3FE19FCCA023}.Debug|x86.Build.0 = Debug|Win32
		{7E78B343-12C6-4433-BE3B-3FE19FCCA023}.Release|Any CPU.ActiveCfg = Release|x64
		{7E78B343-12C6-4433-BE3B-3FE19FCCA023}.Release|Any CPU.Build.0 = Release|x64
		{7E78B343-12C6-4433-BE3B-3FE19FCCA023}.Release|x64.ActiveCfg = Release|x64
		{7E78B343-12C6-4433-BE3B-3FE19FCCA023}.Release|x64.Build.0 = Release|x64
		{7E78B343-12C6-4433-BE3B-3FE19FCCA023}.Release|x86.ActiveCfg = Release|Win32
		{7E78B343-12C6-4433-BE3B-3FE19FCCA023}.Release|x86.Build.0 = Release|Win32
		{200576D3-223E-452C-93CD-3F3570D3BCB1}.Debug|Any CPU.ActiveCfg = Debug|x64
		{200576D3-223E-452C-93CD-3F3570D3BCB1}.Debug|Any CPU.Build.0 = Debug|x64
		{200576D3-223E-452C-93CD-3F3570D3BCB1}.Debug|x64.ActiveCfg = Debug|x64
		{200576D3-223E-452C-93CD-3F3570D3BCB1}.Debug|x64.Build.0 = Debug|x64
		{200576D3-223E-452C-93CD-3F3570D3BCB1}.Debug|x86.ActiveCfg = Debug|Win32
		{200576D3-223E-452C-93CD-3F3570D3BCB1}.Debug|x86.Build.0 = Debug|Win32
		{200576D3-223E-452C-93CD-3F3570D3BCB1}.Release|Any CPU.ActiveCfg = Release|x64
		{200576D3-223E-452C-93CD-3F3570D3BCB1}.Release|Any CPU.Build.0 = Release|x64
		{200576D3-223E-452C-93CD-3F3570D3BCB1}.Release|x64.ActiveCfg = Release|x64
		{200576D3-223E-452C-93CD-3F3570D3BCB1}.Release|x64.Build.0 = Release|x64
		{200576D3-223E-452C-93CD-3F3570D3BCB1}.Release|x86.ActiveCfg = Release|Win32
		{200576D3-223E-452C-93CD-3F3570D3BCB1}.Release|x86.Build.0 = Release|Win32
		{735B2406-EF4F-4C7B-88DB-125AA343EBFF}.Debug|Any CPU.ActiveCfg = Debug|x64
		{735B2406-EF4F-4C7B-88DB-125AA343EBFF}.Debug|Any CPU.Build.0 = Debug|x64
		{735B2406-EF4F-4C7B-88DB-125AA343EBFF}.Debug|x64.ActiveCfg = Debug|x64
		{735B2406-EF4F-4C7B-88DB-125AA343EBFF}.Debug|x64.Build.0 = Debug|x64
		{735B2406-EF4F-4C7B-88DB-125AA343EBFF}.Debug|x86.ActiveCfg = Debug|Win32
		{735B2406-EF4F-4C7B-88DB-125AA343EBFF}.Debug|x86.Build.0 = Debug|Win32
		{735B2406-EF4F-4C7B-88DB-125AA343EBFF}.Release|Any CPU.ActiveCfg = Release|x64
		{735B2406-EF4F-4C7B-88DB-125AA343EBFF}.Release|Any CPU.Build.0 = Release|x64
		{735B2406-EF4F-4C7B-88DB-125AA343EBFF}.Release|x64.ActiveCfg = Release|x64
		{735B2406-EF4F-4C7B-88DB-125AA343EBFF}.Release|x64.Build.0 = Release|x64
		{735B2406-EF4F-4C7B-88DB-125AA343EBFF}.Release|x86.ActiveCfg = Release|Win32
		{735B2406-EF4F-4C7B-88DB-125AA343EBFF}.Release|x86.Build.0 = Release|Win32
	EndGlobalSection
	GlobalSection(SolutionProperties) = preSolution
		HideSolutionNode = FALSE
	EndGlobalSection
	GlobalSection(ExtensibilityGlobals) = postSolution
		SolutionGuid = {F24ED6C6-B3DC-4C00-858E-DF8A8920343E}
	EndGlobalSection
EndGlobal
