<?xml version="1.0" encoding="utf-8"?>
<Project ToolsVersion="4.0" xmlns="http://schemas.microsoft.com/developer/msbuild/2003">
  <ItemGroup>
    <Filter Include="File di origine">
      <UniqueIdentifier>{4FC737F1-C7A5-4376-A066-2A32D752A2FF}</UniqueIdentifier>
      <Extensions>cpp;c;cc;cxx;c++;cppm;ixx;def;odl;idl;hpj;bat;asm;asmx</Extensions>
    </Filter>
    <Filter Include="File di intestazione">
      <UniqueIdentifier>{93995380-89BD-4b04-88EB-625FBE52EBFB}</UniqueIdentifier>
      <Extensions>h;hh;hpp;hxx;h++;hm;inl;inc;ipp;xsd</Extensions>
    </Filter>
    <Filter Include="File di risorse">
      <UniqueIdentifier>{67DA6AB6-F800-4c08-8B7A-83BB121AAD01}</UniqueIdentifier>
      <Extensions>rc;ico;cur;bmp;dlg;rc2;rct;bin;rgs;gif;jpg;jpeg;jpe;resx;tiff;tif;png;wav;mfcribbon-ms</Extensions>
    </Filter>
  </ItemGroup>
  <ItemGroup>
    <ClCompile Include="main.cpp">
      <Filter>File di origine</Filter>
    </ClCompile>
    <ClCompile Include="injection.cpp">
      <Filter>File di origine</Filter>
    </ClCompile>
    <ClCompile Include="utils.cpp">
      <Filter>File di origine</Filter>
    </ClCompile>
    <ClCompile Include="sup.c">
      <Filter>File di origine</Filter>
    </ClCompile>
    <ClCompile Include="Shared\hde\hde64.c">
      <Filter>File di origine</Filter>
    </ClCompile>
    <ClCompile Include="Shared\_filename.c">
      <Filter>File di origine</Filter>
    </ClCompile>
    <ClCompile Include="Shared\_strcat.c">
      <Filter>File di origine</Filter>
    </ClCompile>
    <ClCompile Include="Shared\_strcmp.c">
      <Filter>File di origine</Filter>
    </ClCompile>
    <ClCompile Include="Shared\_strcmpi.c">
      <Filter>File di origine</Filter>
    </ClCompile>
    <ClCompile Include="Shared\_strcpy.c">
      <Filter>File di origine</Filter>
    </ClCompile>
    <ClCompile Include="Shared\_strend.c">
      <Filter>File di origine</Filter>
    </ClCompile>
    <ClCompile Include="Shared\_strlen.c">
      <Filter>File di origine</Filter>
    </ClCompile>
    <ClCompile Include="Shared\_strncmp.c">
      <Filter>File di origine</Filter>
    </ClCompile>
    <ClCompile Include="Shared\_strncmpi.c">
      <Filter>File di origine</Filter>
    </ClCompile>
    <ClCompile Include="Shared\_strncpy.c">
      <Filter>File di origine</Filter>
    </ClCompile>
    <ClCompile Include="Shared\_strstri.c">
      <Filter>File di origine</Filter>
    </ClCompile>
    <ClCompile Include="Shared\cmdline.c">
      <Filter>File di origine</Filter>
    </ClCompile>
    <ClCompile Include="Shared\ldr.c">
      <Filter>File di origine</Filter>
    </ClCompile>
    <ClCompile Include="Shared\strtoi.c">
      <Filter>File di origine</Filter>
    </ClCompile>
    <ClCompile Include="Shared\strtoul.c">
      <Filter>File di origine</Filter>
    </ClCompile>
    <ClCompile Include="Shared\u64tohex.c">
      <Filter>File di origine</Filter>
    </ClCompile>
    <ClCompile Include="Shared\u64tostr.c">
      <Filter>File di origine</Filter>
    </ClCompile>
    <ClCompile Include="Shared\ultohex.c">
      <Filter>File di origine</Filter>
    </ClCompile>
    <ClCompile Include="Shared\ultostr.c">
      <Filter>File di origine</Filter>
    </ClCompile>
    <ClCompile Include="Shared\util.c">
      <Filter>File di origine</Filter>
    </ClCompile>
    <ClCompile Include="Shared\windefend.c">
      <Filter>File di origine</Filter>
    </ClCompile>
    <ClCompile Include="compress.c">
      <Filter>File di origine</Filter>
    </ClCompile>
    <ClCompile Include="..\Shared\utility.cpp">
      <Filter>File di origine</Filter>
    </ClCompile>
    <ClCompile Include="bypass.c">
      <Filter>File di origine</Filter>
    </ClCompile>
    <ClCompile Include="methods\comsup.c">
      <Filter>File di origine</Filter>
    </ClCompile>
    <ClCompile Include="methods\api0cradle.c">
      <Filter>File di origine</Filter>
    </ClCompile>
  </ItemGroup>
  <ItemGroup>
    <ClInclude Include="injection.h">
      <Filter>File di intestazione</Filter>
    </ClInclude>
    <ClInclude Include="utils.h">
      <Filter>File di intestazione</Filter>
    </ClInclude>
    <ClInclude Include="global.h">
      <Filter>File di intestazione</Filter>
    </ClInclude>
    <ClInclude Include="sup.h">
      <Filter>File di intestazione</Filter>
    </ClInclude>
    <ClInclude Include="methods\elvint.h">
      <Filter>File di intestazione</Filter>
    </ClInclude>
    <ClInclude Include="methods\methods.h">
      <Filter>File di intestazione</Filter>
    </ClInclude>
    <ClInclude Include="Shared\hde\hde64.h">
      <Filter>File di intestazione</Filter>
    </ClInclude>
    <ClInclude Include="Shared\hde\pstdint.h">
      <Filter>File di intestazione</Filter>
    </ClInclude>
    <ClInclude Include="Shared\hde\table64.h">
      <Filter>File di intestazione</Filter>
    </ClInclude>
    <ClInclude Include="Shared\ntos\ntbuilds.h">
      <Filter>File di intestazione</Filter>
    </ClInclude>
    <ClInclude Include="Shared\ntos\ntos.h">
      <Filter>File di intestazione</Filter>
    </ClInclude>
    <ClInclude Include="Shared\ntos\ntsxs.h">
      <Filter>File di intestazione</Filter>
    </ClInclude>
    <ClInclude Include="Shared\_filename.h">
      <Filter>File di intestazione</Filter>
    </ClInclude>
    <ClInclude Include="Shared\cmdline.h">
      <Filter>File di intestazione</Filter>
    </ClInclude>
    <ClInclude Include="Shared\consts.h">
      <Filter>File di intestazione</Filter>
    </ClInclude>
    <ClInclude Include="Shared\ldr.h">
      <Filter>File di intestazione</Filter>
    </ClInclude>
    <ClInclude Include="Shared\libinc.h">
      <Filter>File di intestazione</Filter>
    </ClInclude>
    <ClInclude Include="Shared\minirtl.h">
      <Filter>File di intestazione</Filter>
    </ClInclude>
    <ClInclude Include="Shared\rtltypes.h">
      <Filter>File di intestazione</Filter>
    </ClInclude>
    <ClInclude Include="Shared\shared.h">
      <Filter>File di intestazione</Filter>
    </ClInclude>
    <ClInclude Include="Shared\util.h">
      <Filter>File di intestazione</Filter>
    </ClInclude>
    <ClInclude Include="Shared\windefend.h">
      <Filter>File di intestazione</Filter>
    </ClInclude>
    <ClInclude Include="compress.h">
      <Filter>File di intestazione</Filter>
    </ClInclude>
    <ClInclude Include="embeds.h">
      <Filter>File di intestazione</Filter>
    </ClInclude>
    <ClInclude Include="bypass.h">
      <Filter>File di intestazione</Filter>
    </ClInclude>
    <ClInclude Include="methods\comsup.h">
      <Filter>File di intestazione</Filter>
    </ClInclude>
    <ClInclude Include="methods\api0cradle.h">
      <Filter>File di intestazione</Filter>
    </ClInclude>
  </ItemGroup>
  <ItemGroup>
    <ResourceCompile Include="MainLoader.rc">
      <Filter>File di risorse</Filter>
    </ResourceCompile>
  </ItemGroup>
  <ItemGroup>
    <Image Include="..\..\..\..\Downloads\Athens-circle.ico">
      <Filter>File di risorse</Filter>
    </Image>
  </ItemGroup>
</Project>